// !$*UTF8*$!
{
	archiveVersion = 1;
	classes = {
	};
	objectVersion = 51;
	objects = {

/* Begin PBXBuildFile section */
		831E692224F2F63700F03EFC /* SelectTimeViewController.swift in Sources */ = {isa = PBXBuildFile; fileRef = 831E692124F2F63700F03EFC /* SelectTimeViewController.swift */; };
		8323CBAA24F3C660000C1E97 /* SelectTypeViewController.swift in Sources */ = {isa = PBXBuildFile; fileRef = 8323CBA924F3C65F000C1E97 /* SelectTypeViewController.swift */; };
		8323CBAC24F3C795000C1E97 /* LoadingResultViewController.swift in Sources */ = {isa = PBXBuildFile; fileRef = 8323CBAB24F3C795000C1E97 /* LoadingResultViewController.swift */; };
		8323CBAE24F3C7A0000C1E97 /* ResultViewController.swift in Sources */ = {isa = PBXBuildFile; fileRef = 8323CBAD24F3C7A0000C1E97 /* ResultViewController.swift */; };
		8323CBB024F3CC2B000C1E97 /* APIRequest.swift in Sources */ = {isa = PBXBuildFile; fileRef = 8323CBAF24F3CC2B000C1E97 /* APIRequest.swift */; };
		8323CBB224F3CD26000C1E97 /* APIRequestHandler.swift in Sources */ = {isa = PBXBuildFile; fileRef = 8323CBB124F3CD26000C1E97 /* APIRequestHandler.swift */; };
		8343803524FA62DB00AD2DDF /* RestaurantModel.swift in Sources */ = {isa = PBXBuildFile; fileRef = 8343803424FA62DB00AD2DDF /* RestaurantModel.swift */; };
		834CC12824FA5F1F002E7846 /* GoogleService-Info.plist in Resources */ = {isa = PBXBuildFile; fileRef = 834CC12724FA5F1F002E7846 /* GoogleService-Info.plist */; };
		83784AAE24FAA5F400453474 /* DBHandler.swift in Sources */ = {isa = PBXBuildFile; fileRef = 83784AAD24FAA5F400453474 /* DBHandler.swift */; };
		8395C9BB24FC0802005BCDD9 /* CategoryModel.swift in Sources */ = {isa = PBXBuildFile; fileRef = 8395C9BA24FC0802005BCDD9 /* CategoryModel.swift */; };
		83A6D9A624F2991000046229 /* AnalysisViewController.swift in Sources */ = {isa = PBXBuildFile; fileRef = 83A6D9A424F2991000046229 /* AnalysisViewController.swift */; };
		83A6D9A724F2991000046229 /* SelectLocationViewController.swift in Sources */ = {isa = PBXBuildFile; fileRef = 83A6D9A524F2991000046229 /* SelectLocationViewController.swift */; };
		83A6D9AD24F2A43D00046229 /* RecommendationViewController.swift in Sources */ = {isa = PBXBuildFile; fileRef = 83A6D9AC24F2A43D00046229 /* RecommendationViewController.swift */; };
		83A6D9B024F2B49500046229 /* RegionRecommendTableViewCell.swift in Sources */ = {isa = PBXBuildFile; fileRef = 83A6D9AE24F2B49500046229 /* RegionRecommendTableViewCell.swift */; };
		83A6D9B124F2B49500046229 /* RegionTableViewCell.xib in Resources */ = {isa = PBXBuildFile; fileRef = 83A6D9AF24F2B49500046229 /* RegionTableViewCell.xib */; };
		83A6D9B324F2B68600046229 /* Constants.swift in Sources */ = {isa = PBXBuildFile; fileRef = 83A6D9B224F2B68600046229 /* Constants.swift */; };
		83A8C8C324F283CB007B02BA /* AppDelegate.swift in Sources */ = {isa = PBXBuildFile; fileRef = 83A8C8C224F283CB007B02BA /* AppDelegate.swift */; };
		83A8C8C524F283CB007B02BA /* SceneDelegate.swift in Sources */ = {isa = PBXBuildFile; fileRef = 83A8C8C424F283CB007B02BA /* SceneDelegate.swift */; };
		83A8C8CA24F283CB007B02BA /* Main.storyboard in Resources */ = {isa = PBXBuildFile; fileRef = 83A8C8C824F283CB007B02BA /* Main.storyboard */; };
		83A8C8CC24F283CC007B02BA /* Assets.xcassets in Resources */ = {isa = PBXBuildFile; fileRef = 83A8C8CB24F283CC007B02BA /* Assets.xcassets */; };
		83A8C8CF24F283CC007B02BA /* LaunchScreen.storyboard in Resources */ = {isa = PBXBuildFile; fileRef = 83A8C8CD24F283CC007B02BA /* LaunchScreen.storyboard */; };
		83D2256B24FC0A6200D2BD0F /* timeCollectionViewCell.swift in Sources */ = {isa = PBXBuildFile; fileRef = 83D2256A24FC0A6200D2BD0F /* timeCollectionViewCell.swift */; };
		83D2256D24FC0B0900D2BD0F /* PhotoModel.swift in Sources */ = {isa = PBXBuildFile; fileRef = 83D2256C24FC0B0900D2BD0F /* PhotoModel.swift */; };
		83EE2A6824FAB5DF002359D3 /* SearchRestaurantModel.swift in Sources */ = {isa = PBXBuildFile; fileRef = 83EE2A6724FAB5DF002359D3 /* SearchRestaurantModel.swift */; };
		83EE2A6A24FACD3A002359D3 /* DBModel.swift in Sources */ = {isa = PBXBuildFile; fileRef = 83EE2A6924FACD3A002359D3 /* DBModel.swift */; };
		DCE65F3D3E1E6CF3B9349522 /* Pods_EatMudHo.framework in Frameworks */ = {isa = PBXBuildFile; fileRef = EE0034CA3657A4A1A16B609B /* Pods_EatMudHo.framework */; };
/* End PBXBuildFile section */

/* Begin PBXFileReference section */
		72BC90FB780015679649AD36 /* Pods-EatMudHo.release.xcconfig */ = {isa = PBXFileReference; includeInIndex = 1; lastKnownFileType = text.xcconfig; name = "Pods-EatMudHo.release.xcconfig"; path = "Target Support Files/Pods-EatMudHo/Pods-EatMudHo.release.xcconfig"; sourceTree = "<group>"; };
		831E692124F2F63700F03EFC /* SelectTimeViewController.swift */ = {isa = PBXFileReference; lastKnownFileType = sourcecode.swift; name = SelectTimeViewController.swift; path = "../../../../../../Chris/Desktop/Projects/EatMudHo-iOS/EatMudHo/Controller/SelectTimeViewController.swift"; sourceTree = "<group>"; };
		8323CBA924F3C65F000C1E97 /* SelectTypeViewController.swift */ = {isa = PBXFileReference; lastKnownFileType = sourcecode.swift; name = SelectTypeViewController.swift; path = "../../../../../../Chris/Desktop/Projects/EatMudHo-iOS/EatMudHo/Controller/SelectTypeViewController.swift"; sourceTree = "<group>"; };
		8323CBAB24F3C795000C1E97 /* LoadingResultViewController.swift */ = {isa = PBXFileReference; lastKnownFileType = sourcecode.swift; name = LoadingResultViewController.swift; path = "../../../../../../Chris/Desktop/Projects/EatMudHo-iOS/EatMudHo/Controller/LoadingResultViewController.swift"; sourceTree = "<group>"; };
		8323CBAD24F3C7A0000C1E97 /* ResultViewController.swift */ = {isa = PBXFileReference; lastKnownFileType = sourcecode.swift; name = ResultViewController.swift; path = "../../../../../../Chris/Desktop/Projects/EatMudHo-iOS/EatMudHo/Controller/ResultViewController.swift"; sourceTree = "<group>"; };
		8323CBAF24F3CC2B000C1E97 /* APIRequest.swift */ = {isa = PBXFileReference; lastKnownFileType = sourcecode.swift; name = APIRequest.swift; path = "../../../../../../Chris/Desktop/Projects/EatMudHo-iOS/EatMudHo/Model/APIRequest.swift"; sourceTree = "<group>"; };
		8323CBB124F3CD26000C1E97 /* APIRequestHandler.swift */ = {isa = PBXFileReference; lastKnownFileType = sourcecode.swift; path = APIRequestHandler.swift; sourceTree = "<group>"; };
		8343803424FA62DB00AD2DDF /* RestaurantModel.swift */ = {isa = PBXFileReference; lastKnownFileType = sourcecode.swift; name = RestaurantModel.swift; path = "../../../../../../Chris/Desktop/Projects/EatMudHo-iOS/EatMudHo/Model/RestaurantModel.swift"; sourceTree = "<group>"; };
		834CC12724FA5F1F002E7846 /* GoogleService-Info.plist */ = {isa = PBXFileReference; fileEncoding = 4; lastKnownFileType = text.plist.xml; path = "GoogleService-Info.plist"; sourceTree = "<group>"; };
		83784AAD24FAA5F400453474 /* DBHandler.swift */ = {isa = PBXFileReference; lastKnownFileType = sourcecode.swift; path = DBHandler.swift; sourceTree = "<group>"; };
		8395C9BA24FC0802005BCDD9 /* CategoryModel.swift */ = {isa = PBXFileReference; lastKnownFileType = sourcecode.swift; name = CategoryModel.swift; path = "../../../../../../Chris/Desktop/Projects/EatMudHo-iOS/EatMudHo/Model/CategoryModel.swift"; sourceTree = "<group>"; };
		83A6D9A424F2991000046229 /* AnalysisViewController.swift */ = {isa = PBXFileReference; fileEncoding = 4; lastKnownFileType = sourcecode.swift; name = AnalysisViewController.swift; path = "../../../../../../Chris/Desktop/Projects/EatMudHo-iOS/EatMudHo/Controller/AnalysisViewController.swift"; sourceTree = "<group>"; };
		83A6D9A524F2991000046229 /* SelectLocationViewController.swift */ = {isa = PBXFileReference; fileEncoding = 4; lastKnownFileType = sourcecode.swift; name = SelectLocationViewController.swift; path = "../../../../../../Chris/Desktop/Projects/EatMudHo-iOS/EatMudHo/Controller/SelectLocationViewController.swift"; sourceTree = "<group>"; };
		83A6D9AC24F2A43D00046229 /* RecommendationViewController.swift */ = {isa = PBXFileReference; lastKnownFileType = sourcecode.swift; name = RecommendationViewController.swift; path = "../../../../../../Chris/Desktop/Projects/EatMudHo-iOS/EatMudHo/Controller/RecommendationViewController.swift"; sourceTree = "<group>"; };
		83A6D9AE24F2B49500046229 /* RegionRecommendTableViewCell.swift */ = {isa = PBXFileReference; lastKnownFileType = sourcecode.swift; name = RegionRecommendTableViewCell.swift; path = "../../../../../../Chris/Desktop/Projects/EatMudHo-iOS/EatMudHo/View/RegionRecommendTableViewCell.swift"; sourceTree = "<group>"; };
		83A6D9AF24F2B49500046229 /* RegionTableViewCell.xib */ = {isa = PBXFileReference; lastKnownFileType = file.xib; name = RegionTableViewCell.xib; path = "../../../../../../Chris/Desktop/Projects/EatMudHo-iOS/EatMudHo/View/RegionTableViewCell.xib"; sourceTree = "<group>"; };
		83A6D9B224F2B68600046229 /* Constants.swift */ = {isa = PBXFileReference; lastKnownFileType = sourcecode.swift; name = Constants.swift; path = "../../../../../Chris/Desktop/Projects/EatMudHo-iOS/EatMudHo/Constants.swift"; sourceTree = "<group>"; };
		83A8C8BF24F283CB007B02BA /* EatMudHo.app */ = {isa = PBXFileReference; explicitFileType = wrapper.application; includeInIndex = 0; path = EatMudHo.app; sourceTree = BUILT_PRODUCTS_DIR; };
		83A8C8C224F283CB007B02BA /* AppDelegate.swift */ = {isa = PBXFileReference; lastKnownFileType = sourcecode.swift; path = AppDelegate.swift; sourceTree = "<group>"; };
		83A8C8C424F283CB007B02BA /* SceneDelegate.swift */ = {isa = PBXFileReference; lastKnownFileType = sourcecode.swift; path = SceneDelegate.swift; sourceTree = "<group>"; };
		83A8C8C924F283CB007B02BA /* Base */ = {isa = PBXFileReference; lastKnownFileType = file.storyboard; name = Base; path = Base.lproj/Main.storyboard; sourceTree = "<group>"; };
		83A8C8CB24F283CC007B02BA /* Assets.xcassets */ = {isa = PBXFileReference; lastKnownFileType = folder.assetcatalog; path = Assets.xcassets; sourceTree = "<group>"; };
		83A8C8CE24F283CC007B02BA /* Base */ = {isa = PBXFileReference; lastKnownFileType = file.storyboard; name = Base; path = Base.lproj/LaunchScreen.storyboard; sourceTree = "<group>"; };
		83A8C8D024F283CC007B02BA /* Info.plist */ = {isa = PBXFileReference; lastKnownFileType = text.plist.xml; path = Info.plist; sourceTree = "<group>"; };
		83D2256A24FC0A6200D2BD0F /* timeCollectionViewCell.swift */ = {isa = PBXFileReference; lastKnownFileType = sourcecode.swift; name = timeCollectionViewCell.swift; path = "../../../../../../Chris/Desktop/Projects/EatMudHo-iOS/EatMudHo/Controller/timeCollectionViewCell.swift"; sourceTree = "<group>"; };
		83D2256C24FC0B0900D2BD0F /* PhotoModel.swift */ = {isa = PBXFileReference; lastKnownFileType = sourcecode.swift; name = PhotoModel.swift; path = "../../../../../../Chris/Desktop/Projects/EatMudHo-iOS/EatMudHo/Model/PhotoModel.swift"; sourceTree = "<group>"; };
		83EE2A6724FAB5DF002359D3 /* SearchRestaurantModel.swift */ = {isa = PBXFileReference; fileEncoding = 4; lastKnownFileType = sourcecode.swift; name = SearchRestaurantModel.swift; path = "../../../../../../Chris/Desktop/Projects/EatMudHo-iOS/EatMudHo/Model/SearchRestaurantModel.swift"; sourceTree = "<group>"; };
		83EE2A6924FACD3A002359D3 /* DBModel.swift */ = {isa = PBXFileReference; lastKnownFileType = sourcecode.swift; name = DBModel.swift; path = "../../../../../../Chris/Desktop/Projects/EatMudHo-iOS/EatMudHo/Model/DBModel.swift"; sourceTree = "<group>"; };
		EE0034CA3657A4A1A16B609B /* Pods_EatMudHo.framework */ = {isa = PBXFileReference; explicitFileType = wrapper.framework; includeInIndex = 0; path = Pods_EatMudHo.framework; sourceTree = BUILT_PRODUCTS_DIR; };
		F4EB0E573711D6321D342AFD /* Pods-EatMudHo.debug.xcconfig */ = {isa = PBXFileReference; includeInIndex = 1; lastKnownFileType = text.xcconfig; name = "Pods-EatMudHo.debug.xcconfig"; path = "Target Support Files/Pods-EatMudHo/Pods-EatMudHo.debug.xcconfig"; sourceTree = "<group>"; };
/* End PBXFileReference section */

/* Begin PBXFrameworksBuildPhase section */
		83A8C8BC24F283CB007B02BA /* Frameworks */ = {
			isa = PBXFrameworksBuildPhase;
			buildActionMask = 2147483647;
			files = (
				DCE65F3D3E1E6CF3B9349522 /* Pods_EatMudHo.framework in Frameworks */,
			);
			runOnlyForDeploymentPostprocessing = 0;
		};
/* End PBXFrameworksBuildPhase section */

/* Begin PBXGroup section */
		230FDDCCFE311B1510EA1027 /* Pods */ = {
			isa = PBXGroup;
			children = (
				F4EB0E573711D6321D342AFD /* Pods-EatMudHo.debug.xcconfig */,
				72BC90FB780015679649AD36 /* Pods-EatMudHo.release.xcconfig */,
			);
			path = Pods;
			sourceTree = "<group>";
		};
		46E2A2C32496D9E4175E887C /* Frameworks */ = {
			isa = PBXGroup;
			children = (
				EE0034CA3657A4A1A16B609B /* Pods_EatMudHo.framework */,
			);
			name = Frameworks;
			sourceTree = "<group>";
		};
		834ADBFE24F28CA7000749D0 /* View */ = {
			isa = PBXGroup;
			children = (
				83A8C8C824F283CB007B02BA /* Main.storyboard */,
				83A6D9AE24F2B49500046229 /* RegionRecommendTableViewCell.swift */,
				83A6D9AF24F2B49500046229 /* RegionTableViewCell.xib */,
			);
			path = View;
			sourceTree = "<group>";
		};
		834ADBFF24F28CB7000749D0 /* Controller */ = {
			isa = PBXGroup;
			children = (
				8323CBB124F3CD26000C1E97 /* APIRequestHandler.swift */,
				83784AAD24FAA5F400453474 /* DBHandler.swift */,
				83A6D9A424F2991000046229 /* AnalysisViewController.swift */,
				83A6D9A524F2991000046229 /* SelectLocationViewController.swift */,
				831E692124F2F63700F03EFC /* SelectTimeViewController.swift */,
				8323CBA924F3C65F000C1E97 /* SelectTypeViewController.swift */,
				83A6D9AC24F2A43D00046229 /* RecommendationViewController.swift */,
				8323CBAB24F3C795000C1E97 /* LoadingResultViewController.swift */,
				8323CBAD24F3C7A0000C1E97 /* ResultViewController.swift */,
				83D2256A24FC0A6200D2BD0F /* timeCollectionViewCell.swift */,
			);
			path = Controller;
			sourceTree = "<group>";
		};
		834ADC0024F28CC5000749D0 /* Model */ = {
			isa = PBXGroup;
			children = (
				83EE2A6724FAB5DF002359D3 /* SearchRestaurantModel.swift */,
				8323CBAF24F3CC2B000C1E97 /* APIRequest.swift */,
				8343803424FA62DB00AD2DDF /* RestaurantModel.swift */,
				83EE2A6924FACD3A002359D3 /* DBModel.swift */,
				8395C9BA24FC0802005BCDD9 /* CategoryModel.swift */,
				83D2256C24FC0B0900D2BD0F /* PhotoModel.swift */,
			);
			path = Model;
			sourceTree = "<group>";
		};
		83A8C8B624F283CB007B02BA = {
			isa = PBXGroup;
			children = (
				83A8C8C124F283CB007B02BA /* EatMudHo */,
				83A8C8C024F283CB007B02BA /* Products */,
				230FDDCCFE311B1510EA1027 /* Pods */,
				46E2A2C32496D9E4175E887C /* Frameworks */,
			);
			sourceTree = "<group>";
		};
		83A8C8C024F283CB007B02BA /* Products */ = {
			isa = PBXGroup;
			children = (
				83A8C8BF24F283CB007B02BA /* EatMudHo.app */,
			);
			name = Products;
			sourceTree = "<group>";
		};
		83A8C8C124F283CB007B02BA /* EatMudHo */ = {
			isa = PBXGroup;
			children = (
				834ADC0024F28CC5000749D0 /* Model */,
				834ADBFE24F28CA7000749D0 /* View */,
				834ADBFF24F28CB7000749D0 /* Controller */,
				83A8C8C224F283CB007B02BA /* AppDelegate.swift */,
				83A8C8C424F283CB007B02BA /* SceneDelegate.swift */,
				83A8C8CB24F283CC007B02BA /* Assets.xcassets */,
				83A8C8CD24F283CC007B02BA /* LaunchScreen.storyboard */,
				83A8C8D024F283CC007B02BA /* Info.plist */,
				834CC12724FA5F1F002E7846 /* GoogleService-Info.plist */,
				83A6D9B224F2B68600046229 /* Constants.swift */,
			);
			path = EatMudHo;
			sourceTree = "<group>";
		};
/* End PBXGroup section */

/* Begin PBXNativeTarget section */
		83A8C8BE24F283CB007B02BA /* EatMudHo */ = {
			isa = PBXNativeTarget;
			buildConfigurationList = 83A8C8D324F283CC007B02BA /* Build configuration list for PBXNativeTarget "EatMudHo" */;
			buildPhases = (
				6F56C768FBBE544C6FCCF92A /* [CP] Check Pods Manifest.lock */,
				83A8C8BB24F283CB007B02BA /* Sources */,
				83A8C8BC24F283CB007B02BA /* Frameworks */,
				83A8C8BD24F283CB007B02BA /* Resources */,
				015A7ECF272C39852037B1C4 /* [CP] Embed Pods Frameworks */,
			);
			buildRules = (
			);
			dependencies = (
			);
			name = EatMudHo;
			productName = EatMudHo;
			productReference = 83A8C8BF24F283CB007B02BA /* EatMudHo.app */;
			productType = "com.apple.product-type.application";
		};
/* End PBXNativeTarget section */

/* Begin PBXProject section */
		83A8C8B724F283CB007B02BA /* Project object */ = {
			isa = PBXProject;
			attributes = {
				LastSwiftUpdateCheck = 1160;
				LastUpgradeCheck = 1160;
				ORGANIZATIONNAME = "Pixel Unity";
				TargetAttributes = {
					83A8C8BE24F283CB007B02BA = {
						CreatedOnToolsVersion = 11.6;
					};
				};
			};
			buildConfigurationList = 83A8C8BA24F283CB007B02BA /* Build configuration list for PBXProject "EatMudHo" */;
			compatibilityVersion = "Xcode 9.3";
			developmentRegion = en;
			hasScannedForEncodings = 0;
			knownRegions = (
				en,
				Base,
			);
			mainGroup = 83A8C8B624F283CB007B02BA;
			productRefGroup = 83A8C8C024F283CB007B02BA /* Products */;
			projectDirPath = "";
			projectRoot = "";
			targets = (
				83A8C8BE24F283CB007B02BA /* EatMudHo */,
			);
		};
/* End PBXProject section */

/* Begin PBXResourcesBuildPhase section */
		83A8C8BD24F283CB007B02BA /* Resources */ = {
			isa = PBXResourcesBuildPhase;
			buildActionMask = 2147483647;
			files = (
				83A6D9B124F2B49500046229 /* RegionTableViewCell.xib in Resources */,
				83A8C8CF24F283CC007B02BA /* LaunchScreen.storyboard in Resources */,
				834CC12824FA5F1F002E7846 /* GoogleService-Info.plist in Resources */,
				83A8C8CC24F283CC007B02BA /* Assets.xcassets in Resources */,
				83A8C8CA24F283CB007B02BA /* Main.storyboard in Resources */,
			);
			runOnlyForDeploymentPostprocessing = 0;
		};
/* End PBXResourcesBuildPhase section */

/* Begin PBXShellScriptBuildPhase section */
		015A7ECF272C39852037B1C4 /* [CP] Embed Pods Frameworks */ = {
			isa = PBXShellScriptBuildPhase;
			buildActionMask = 2147483647;
			files = (
			);
			inputFileListPaths = (
				"${PODS_ROOT}/Target Support Files/Pods-EatMudHo/Pods-EatMudHo-frameworks-${CONFIGURATION}-input-files.xcfilelist",
			);
			name = "[CP] Embed Pods Frameworks";
			outputFileListPaths = (
				"${PODS_ROOT}/Target Support Files/Pods-EatMudHo/Pods-EatMudHo-frameworks-${CONFIGURATION}-output-files.xcfilelist",
			);
			runOnlyForDeploymentPostprocessing = 0;
			shellPath = /bin/sh;
			shellScript = "\"${PODS_ROOT}/Target Support Files/Pods-EatMudHo/Pods-EatMudHo-frameworks.sh\"\n";
			showEnvVarsInLog = 0;
		};
		6F56C768FBBE544C6FCCF92A /* [CP] Check Pods Manifest.lock */ = {
			isa = PBXShellScriptBuildPhase;
			buildActionMask = 2147483647;
			files = (
			);
			inputFileListPaths = (
			);
			inputPaths = (
				"${PODS_PODFILE_DIR_PATH}/Podfile.lock",
				"${PODS_ROOT}/Manifest.lock",
			);
			name = "[CP] Check Pods Manifest.lock";
			outputFileListPaths = (
			);
			outputPaths = (
				"$(DERIVED_FILE_DIR)/Pods-EatMudHo-checkManifestLockResult.txt",
			);
			runOnlyForDeploymentPostprocessing = 0;
			shellPath = /bin/sh;
			shellScript = "diff \"${PODS_PODFILE_DIR_PATH}/Podfile.lock\" \"${PODS_ROOT}/Manifest.lock\" > /dev/null\nif [ $? != 0 ] ; then\n    # print error to STDERR\n    echo \"error: The sandbox is not in sync with the Podfile.lock. Run 'pod install' or update your CocoaPods installation.\" >&2\n    exit 1\nfi\n# This output is used by Xcode 'outputs' to avoid re-running this script phase.\necho \"SUCCESS\" > \"${SCRIPT_OUTPUT_FILE_0}\"\n";
			showEnvVarsInLog = 0;
		};
/* End PBXShellScriptBuildPhase section */

/* Begin PBXSourcesBuildPhase section */
		83A8C8BB24F283CB007B02BA /* Sources */ = {
			isa = PBXSourcesBuildPhase;
			buildActionMask = 2147483647;
			files = (
				83A6D9A724F2991000046229 /* SelectLocationViewController.swift in Sources */,
				83A8C8C324F283CB007B02BA /* AppDelegate.swift in Sources */,
				83A6D9B024F2B49500046229 /* RegionRecommendTableViewCell.swift in Sources */,
				83EE2A6A24FACD3A002359D3 /* DBModel.swift in Sources */,
				8323CBAA24F3C660000C1E97 /* SelectTypeViewController.swift in Sources */,
				8395C9BB24FC0802005BCDD9 /* CategoryModel.swift in Sources */,
				8323CBAC24F3C795000C1E97 /* LoadingResultViewController.swift in Sources */,
				83A6D9AD24F2A43D00046229 /* RecommendationViewController.swift in Sources */,
				83EE2A6824FAB5DF002359D3 /* SearchRestaurantModel.swift in Sources */,
				83A6D9B324F2B68600046229 /* Constants.swift in Sources */,
				83A8C8C524F283CB007B02BA /* SceneDelegate.swift in Sources */,
				8343803524FA62DB00AD2DDF /* RestaurantModel.swift in Sources */,
				83A6D9A624F2991000046229 /* AnalysisViewController.swift in Sources */,
				831E692224F2F63700F03EFC /* SelectTimeViewController.swift in Sources */,
				83D2256D24FC0B0900D2BD0F /* PhotoModel.swift in Sources */,
				8323CBB024F3CC2B000C1E97 /* APIRequest.swift in Sources */,
				83D2256B24FC0A6200D2BD0F /* timeCollectionViewCell.swift in Sources */,
				8323CBB224F3CD26000C1E97 /* APIRequestHandler.swift in Sources */,
				83784AAE24FAA5F400453474 /* DBHandler.swift in Sources */,
				8323CBAE24F3C7A0000C1E97 /* ResultViewController.swift in Sources */,
			);
			runOnlyForDeploymentPostprocessing = 0;
		};
/* End PBXSourcesBuildPhase section */

/* Begin PBXVariantGroup section */
		83A8C8C824F283CB007B02BA /* Main.storyboard */ = {
			isa = PBXVariantGroup;
			children = (
				83A8C8C924F283CB007B02BA /* Base */,
			);
			name = Main.storyboard;
			sourceTree = "<group>";
		};
		83A8C8CD24F283CC007B02BA /* LaunchScreen.storyboard */ = {
			isa = PBXVariantGroup;
			children = (
				83A8C8CE24F283CC007B02BA /* Base */,
			);
			name = LaunchScreen.storyboard;
			sourceTree = "<group>";
		};
/* End PBXVariantGroup section */

/* Begin XCBuildConfiguration section */
		83A8C8D124F283CC007B02BA /* Debug */ = {
			isa = XCBuildConfiguration;
			buildSettings = {
				ALWAYS_SEARCH_USER_PATHS = NO;
				CLANG_ANALYZER_NONNULL = YES;
				CLANG_ANALYZER_NUMBER_OBJECT_CONVERSION = YES_AGGRESSIVE;
				CLANG_CXX_LANGUAGE_STANDARD = "gnu++14";
				CLANG_CXX_LIBRARY = "libc++";
				CLANG_ENABLE_MODULES = YES;
				CLANG_ENABLE_OBJC_ARC = YES;
				CLANG_ENABLE_OBJC_WEAK = YES;
				CLANG_WARN_BLOCK_CAPTURE_AUTORELEASING = YES;
				CLANG_WARN_BOOL_CONVERSION = YES;
				CLANG_WARN_COMMA = YES;
				CLANG_WARN_CONSTANT_CONVERSION = YES;
				CLANG_WARN_DEPRECATED_OBJC_IMPLEMENTATIONS = YES;
				CLANG_WARN_DIRECT_OBJC_ISA_USAGE = YES_ERROR;
				CLANG_WARN_DOCUMENTATION_COMMENTS = YES;
				CLANG_WARN_EMPTY_BODY = YES;
				CLANG_WARN_ENUM_CONVERSION = YES;
				CLANG_WARN_INFINITE_RECURSION = YES;
				CLANG_WARN_INT_CONVERSION = YES;
				CLANG_WARN_NON_LITERAL_NULL_CONVERSION = YES;
				CLANG_WARN_OBJC_IMPLICIT_RETAIN_SELF = YES;
				CLANG_WARN_OBJC_LITERAL_CONVERSION = YES;
				CLANG_WARN_OBJC_ROOT_CLASS = YES_ERROR;
				CLANG_WARN_RANGE_LOOP_ANALYSIS = YES;
				CLANG_WARN_STRICT_PROTOTYPES = YES;
				CLANG_WARN_SUSPICIOUS_MOVE = YES;
				CLANG_WARN_UNGUARDED_AVAILABILITY = YES_AGGRESSIVE;
				CLANG_WARN_UNREACHABLE_CODE = YES;
				CLANG_WARN__DUPLICATE_METHOD_MATCH = YES;
				COPY_PHASE_STRIP = NO;
				DEBUG_INFORMATION_FORMAT = dwarf;
				ENABLE_STRICT_OBJC_MSGSEND = YES;
				ENABLE_TESTABILITY = YES;
				GCC_C_LANGUAGE_STANDARD = gnu11;
				GCC_DYNAMIC_NO_PIC = NO;
				GCC_NO_COMMON_BLOCKS = YES;
				GCC_OPTIMIZATION_LEVEL = 0;
				GCC_PREPROCESSOR_DEFINITIONS = (
					"DEBUG=1",
					"$(inherited)",
				);
				GCC_WARN_64_TO_32_BIT_CONVERSION = YES;
				GCC_WARN_ABOUT_RETURN_TYPE = YES_ERROR;
				GCC_WARN_UNDECLARED_SELECTOR = YES;
				GCC_WARN_UNINITIALIZED_AUTOS = YES_AGGRESSIVE;
				GCC_WARN_UNUSED_FUNCTION = YES;
				GCC_WARN_UNUSED_VARIABLE = YES;
				IPHONEOS_DEPLOYMENT_TARGET = 13.6;
				MTL_ENABLE_DEBUG_INFO = INCLUDE_SOURCE;
				MTL_FAST_MATH = YES;
				ONLY_ACTIVE_ARCH = YES;
				SDKROOT = iphoneos;
				SWIFT_ACTIVE_COMPILATION_CONDITIONS = DEBUG;
				SWIFT_OPTIMIZATION_LEVEL = "-Onone";
			};
			name = Debug;
		};
		83A8C8D224F283CC007B02BA /* Release */ = {
			isa = XCBuildConfiguration;
			buildSettings = {
				ALWAYS_SEARCH_USER_PATHS = NO;
				CLANG_ANALYZER_NONNULL = YES;
				CLANG_ANALYZER_NUMBER_OBJECT_CONVERSION = YES_AGGRESSIVE;
				CLANG_CXX_LANGUAGE_STANDARD = "gnu++14";
				CLANG_CXX_LIBRARY = "libc++";
				CLANG_ENABLE_MODULES = YES;
				CLANG_ENABLE_OBJC_ARC = YES;
				CLANG_ENABLE_OBJC_WEAK = YES;
				CLANG_WARN_BLOCK_CAPTURE_AUTORELEASING = YES;
				CLANG_WARN_BOOL_CONVERSION = YES;
				CLANG_WARN_COMMA = YES;
				CLANG_WARN_CONSTANT_CONVERSION = YES;
				CLANG_WARN_DEPRECATED_OBJC_IMPLEMENTATIONS = YES;
				CLANG_WARN_DIRECT_OBJC_ISA_USAGE = YES_ERROR;
				CLANG_WARN_DOCUMENTATION_COMMENTS = YES;
				CLANG_WARN_EMPTY_BODY = YES;
				CLANG_WARN_ENUM_CONVERSION = YES;
				CLANG_WARN_INFINITE_RECURSION = YES;
				CLANG_WARN_INT_CONVERSION = YES;
				CLANG_WARN_NON_LITERAL_NULL_CONVERSION = YES;
				CLANG_WARN_OBJC_IMPLICIT_RETAIN_SELF = YES;
				CLANG_WARN_OBJC_LITERAL_CONVERSION = YES;
				CLANG_WARN_OBJC_ROOT_CLASS = YES_ERROR;
				CLANG_WARN_RANGE_LOOP_ANALYSIS = YES;
				CLANG_WARN_STRICT_PROTOTYPES = YES;
				CLANG_WARN_SUSPICIOUS_MOVE = YES;
				CLANG_WARN_UNGUARDED_AVAILABILITY = YES_AGGRESSIVE;
				CLANG_WARN_UNREACHABLE_CODE = YES;
				CLANG_WARN__DUPLICATE_METHOD_MATCH = YES;
				COPY_PHASE_STRIP = NO;
				DEBUG_INFORMATION_FORMAT = "dwarf-with-dsym";
				ENABLE_NS_ASSERTIONS = NO;
				ENABLE_STRICT_OBJC_MSGSEND = YES;
				GCC_C_LANGUAGE_STANDARD = gnu11;
				GCC_NO_COMMON_BLOCKS = YES;
				GCC_WARN_64_TO_32_BIT_CONVERSION = YES;
				GCC_WARN_ABOUT_RETURN_TYPE = YES_ERROR;
				GCC_WARN_UNDECLARED_SELECTOR = YES;
				GCC_WARN_UNINITIALIZED_AUTOS = YES_AGGRESSIVE;
				GCC_WARN_UNUSED_FUNCTION = YES;
				GCC_WARN_UNUSED_VARIABLE = YES;
				IPHONEOS_DEPLOYMENT_TARGET = 13.6;
				MTL_ENABLE_DEBUG_INFO = NO;
				MTL_FAST_MATH = YES;
				SDKROOT = iphoneos;
				SWIFT_COMPILATION_MODE = wholemodule;
				SWIFT_OPTIMIZATION_LEVEL = "-O";
				VALIDATE_PRODUCT = YES;
			};
			name = Release;
		};
		83A8C8D424F283CC007B02BA /* Debug */ = {
			isa = XCBuildConfiguration;
			baseConfigurationReference = F4EB0E573711D6321D342AFD /* Pods-EatMudHo.debug.xcconfig */;
			buildSettings = {
				ASSETCATALOG_COMPILER_APPICON_NAME = AppIcon;
				CODE_SIGN_STYLE = Automatic;
				DEVELOPMENT_TEAM = PJTM5BVBNS;
				INFOPLIST_FILE = EatMudHo/Info.plist;
				LD_RUNPATH_SEARCH_PATHS = (
					"$(inherited)",
					"@executable_path/Frameworks",
				);
				PRODUCT_BUNDLE_IDENTIFIER = "com.pixel-unity.EatMudHo";
				PRODUCT_NAME = "$(TARGET_NAME)";
				SWIFT_VERSION = 5.0;
				TARGETED_DEVICE_FAMILY = "1,2";
			};
			name = Debug;
		};
		83A8C8D524F283CC007B02BA /* Release */ = {
			isa = XCBuildConfiguration;
			baseConfigurationReference = 72BC90FB780015679649AD36 /* Pods-EatMudHo.release.xcconfig */;
			buildSettings = {
				ASSETCATALOG_COMPILER_APPICON_NAME = AppIcon;
				CODE_SIGN_STYLE = Automatic;
				DEVELOPMENT_TEAM = PJTM5BVBNS;
				INFOPLIST_FILE = EatMudHo/Info.plist;
				LD_RUNPATH_SEARCH_PATHS = (
					"$(inherited)",
					"@executable_path/Frameworks",
				);
				PRODUCT_BUNDLE_IDENTIFIER = "com.pixel-unity.EatMudHo";
				PRODUCT_NAME = "$(TARGET_NAME)";
				SWIFT_VERSION = 5.0;
				TARGETED_DEVICE_FAMILY = "1,2";
			};
			name = Release;
		};
/* End XCBuildConfiguration section */

/* Begin XCConfigurationList section */
		83A8C8BA24F283CB007B02BA /* Build configuration list for PBXProject "EatMudHo" */ = {
			isa = XCConfigurationList;
			buildConfigurations = (
				83A8C8D124F283CC007B02BA /* Debug */,
				83A8C8D224F283CC007B02BA /* Release */,
			);
			defaultConfigurationIsVisible = 0;
			defaultConfigurationName = Release;
		};
		83A8C8D324F283CC007B02BA /* Build configuration list for PBXNativeTarget "EatMudHo" */ = {
			isa = XCConfigurationList;
			buildConfigurations = (
				83A8C8D424F283CC007B02BA /* Debug */,
				83A8C8D524F283CC007B02BA /* Release */,
			);
			defaultConfigurationIsVisible = 0;
			defaultConfigurationName = Release;
		};
/* End XCConfigurationList section */
	};
	rootObject = 83A8C8B724F283CB007B02BA /* Project object */;
}
